
Microsoft Visual Studio Solution File, Format Version 12.00
# Visual Studio Version 16
VisualStudioVersion = 16.0.31911.196
MinimumVisualStudioVersion = 10.0.40219.1
Project("{FAE04EC0-301F-11D3-BF4B-00C04F79EFBC}") = "Lab10", "Lab10\Lab10.csproj", "{BFE40DDB-2D74-4F3F-AB38-5D47258DB09E}"
EndProject
Global
	GlobalSection(SolutionConfigurationPlatforms) = preSolution
		Debug|Any CPU = Debug|Any CPU
		Release|Any CPU = Release|Any CPU
	EndGlobalSection
	GlobalSection(ProjectConfigurationPlatforms) = postSolution
		{BFE40DDB-2D74-4F3F-AB38-5D47258DB09E}.Debug|Any CPU.ActiveCfg = Debug|Any CPU
		{BFE40DDB-2D74-4F3F-AB38-5D47258DB09E}.Debug|Any CPU.Build.0 = Debug|Any CPU
		{BFE40DDB-2D74-4F3F-AB38-5D47258DB09E}.Release|Any CPU.ActiveCfg = Release|Any CPU
		{BFE40DDB-2D74-4F3F-AB38-5D47258DB09E}.Release|Any CPU.Build.0 = Release|Any CPU
	EndGlobalSection
	GlobalSection(SolutionProperties) = preSolution
		HideSolutionNode = FALSE
	EndGlobalSection
	GlobalSection(ExtensibilityGlobals) = postSolution
		SolutionGuid = {1AEA1AA8-E7AC-4A33-9ABF-DEB4EAE36EB9}
	EndGlobalSection
EndGlobal
